<?xml version="1.0" encoding="utf-8"?>
<Project ToolsVersion="4.0" xmlns="http://schemas.microsoft.com/developer/msbuild/2003">
  <ItemGroup>
    <Filter Include="소스 파일">
      <UniqueIdentifier>{4FC737F1-C7A5-4376-A066-2A32D752A2FF}</UniqueIdentifier>
      <Extensions>cpp;c;cc;cxx;c++;cppm;ixx;def;odl;idl;hpj;bat;asm;asmx</Extensions>
    </Filter>
    <Filter Include="헤더 파일">
      <UniqueIdentifier>{93995380-89BD-4b04-88EB-625FBE52EBFB}</UniqueIdentifier>
      <Extensions>h;hh;hpp;hxx;h++;hm;inl;inc;ipp;xsd</Extensions>
    </Filter>
    <Filter Include="리소스 파일">
      <UniqueIdentifier>{67DA6AB6-F800-4c08-8B7A-83BB121AAD01}</UniqueIdentifier>
      <Extensions>rc;ico;cur;bmp;dlg;rc2;rct;bin;rgs;gif;jpg;jpeg;jpe;resx;tiff;tif;png;wav;mfcribbon-ms</Extensions>
    </Filter>
    <Filter Include="소스 파일\Character">
      <UniqueIdentifier>{2a86aaa4-d310-4e4d-bb4f-500e3e1e75a0}</UniqueIdentifier>
    </Filter>
    <Filter Include="소스 파일\GameManager">
      <UniqueIdentifier>{7b39012e-a4e0-405a-91fd-64a276864be2}</UniqueIdentifier>
    </Filter>
    <Filter Include="소스 파일\Headers">
      <UniqueIdentifier>{b720cc04-7c16-4116-b611-63810468e8ce}</UniqueIdentifier>
    </Filter>
    <Filter Include="소스 파일\Item">
      <UniqueIdentifier>{a491df49-9b44-4312-a8f1-fe5728331b63}</UniqueIdentifier>
    </Filter>
    <Filter Include="소스 파일\Item\Items">
      <UniqueIdentifier>{3cc911f4-a0ae-47ce-ba78-79521f00d8db}</UniqueIdentifier>
    </Filter>
    <Filter Include="소스 파일\Monster">
      <UniqueIdentifier>{12e37061-4d72-4fc1-bfc3-7244c34f2a79}</UniqueIdentifier>
    </Filter>
    <Filter Include="소스 파일\Monster\Monsters">
      <UniqueIdentifier>{97c078ae-3b4d-47e9-bae4-17f0583380eb}</UniqueIdentifier>
    </Filter>
    <Filter Include="소스 파일\Shop">
      <UniqueIdentifier>{253b5942-49c3-4def-a268-573feb70ae69}</UniqueIdentifier>
    </Filter>
  </ItemGroup>
  <ItemGroup>
    <ClCompile Include="main.cpp">
      <Filter>소스 파일</Filter>
    </ClCompile>
    <ClCompile Include="GameManager.cpp">
      <Filter>소스 파일\GameManager</Filter>
    </ClCompile>
    <ClCompile Include="GenerateRandomNumber.cpp">
      <Filter>소스 파일\Headers</Filter>
    </ClCompile>
    <ClCompile Include="Item.cpp">
      <Filter>소스 파일\Item</Filter>
    </ClCompile>
    <ClCompile Include="Character.cpp">
      <Filter>소스 파일\Character</Filter>
    </ClCompile>
    <ClCompile Include="Monster.cpp">
      <Filter>소스 파일\Monster</Filter>
    </ClCompile>
    <ClCompile Include="AttackBoost.cpp">
      <Filter>소스 파일\Item\Items</Filter>
    </ClCompile>
    <ClCompile Include="HealthPotion.cpp">
      <Filter>소스 파일\Item\Items</Filter>
    </ClCompile>
    <ClCompile Include="Orc.cpp">
      <Filter>소스 파일\Monster\Monsters</Filter>
    </ClCompile>
    <ClCompile Include="Slime.cpp">
      <Filter>소스 파일\Monster\Monsters</Filter>
    </ClCompile>
    <ClCompile Include="Goblin.cpp">
      <Filter>소스 파일\Monster\Monsters</Filter>
    </ClCompile>
    <ClCompile Include="Troll.cpp">
      <Filter>소스 파일\Monster\Monsters</Filter>
    </ClCompile>
    <ClCompile Include="BossMonster.cpp">
      <Filter>소스 파일\Monster\Monsters</Filter>
    </ClCompile>
    <ClCompile Include="Shop.cpp">
      <Filter>소스 파일\Shop</Filter>
    </ClCompile>
    <ClCompile Include="Bandit.cpp">
      <Filter>Monster\Monsters</Filter>
    </ClCompile>
    <ClCompile Include="printMessage.cpp">
      <Filter>Headers</Filter>
    <ClCompile Include="Shop.cpp">
      <Filter>Shop</Filter>
    </ClCompile>
  </ItemGroup>
  <ItemGroup>
    <ClInclude Include="GameManager.h">
      <Filter>소스 파일\GameManager</Filter>
    </ClInclude>
    <ClInclude Include="GenerateRandomNumber.h">
      <Filter>소스 파일\Headers</Filter>
    </ClInclude>
    <ClInclude Include="Item.h">
      <Filter>소스 파일\Item</Filter>
    </ClInclude>
    <ClInclude Include="Character.h">
      <Filter>소스 파일\Character</Filter>
    </ClInclude>
    <ClInclude Include="Monster.h">
      <Filter>소스 파일\Monster</Filter>
    </ClInclude>
    <ClInclude Include="AttackBoost.h">
      <Filter>소스 파일\Item\Items</Filter>
    </ClInclude>
    <ClInclude Include="HealthPotion.h">
      <Filter>소스 파일\Item\Items</Filter>
    </ClInclude>
    <ClInclude Include="Orc.h">
      <Filter>소스 파일\Monster\Monsters</Filter>
    </ClInclude>
    <ClInclude Include="Slime.h">
      <Filter>소스 파일\Monster\Monsters</Filter>
    </ClInclude>
    <ClInclude Include="Goblin.h">
      <Filter>소스 파일\Monster\Monsters</Filter>
    </ClInclude>
    <ClInclude Include="Troll.h">
      <Filter>소스 파일\Monster\Monsters</Filter>
    </ClInclude>
    <ClInclude Include="BossMonster.h">
      <Filter>소스 파일\Monster\Monsters</Filter>
    </ClInclude>
    <ClInclude Include="Shop.h">
      <Filter>소스 파일\Shop</Filter>
    </ClInclude>
    <ClInclude Include="Bandit.h">
      <Filter>Monster\Monsters</Filter>
    </ClInclude>
    <ClInclude Include="printMessage.h">
      <Filter>Headers</Filter>
    <ClInclude Include="Shop.h">
      <Filter>Shop</Filter>
    </ClInclude>
  </ItemGroup>
</Project>